
Microsoft Visual Studio Solution File, Format Version 12.00
# Visual Studio Version 17
VisualStudioVersion = 17.14.36408.4 d17.14
MinimumVisualStudioVersion = 10.0.40219.1
Project("{FAE04EC0-301F-11D3-BF4B-00C04F79EFBC}") = "DapperCase", "DapperCase\DapperCase.csproj", "{9E201A4F-E929-475D-8DE6-E4D3AB02F78B}"
EndProject
Global
	GlobalSection(SolutionConfigurationPlatforms) = preSolution
		Debug|Any CPU = Debug|Any CPU
		Release|Any CPU = Release|Any CPU
	EndGlobalSection
	GlobalSection(ProjectConfigurationPlatforms) = postSolution
		{9E201A4F-E929-475D-8DE6-E4D3AB02F78B}.Debug|Any CPU.ActiveCfg = Debug|Any CPU
		{9E201A4F-E929-475D-8DE6-E4D3AB02F78B}.Debug|Any CPU.Build.0 = Debug|Any CPU
		{9E201A4F-E929-475D-8DE6-E4D3AB02F78B}.Release|Any CPU.ActiveCfg = Release|Any CPU
		{9E201A4F-E929-475D-8DE6-E4D3AB02F78B}.Release|Any CPU.Build.0 = Release|Any CPU
	EndGlobalSection
	GlobalSection(SolutionProperties) = preSolution
		HideSolutionNode = FALSE
	EndGlobalSection
	GlobalSection(ExtensibilityGlobals) = postSolution
		SolutionGuid = {00D966BC-3F61-427B-8DE8-D6F8CD533A26}
	EndGlobalSection
EndGlobal
